
Microsoft Visual Studio Solution File, Format Version 12.00
# Visual Studio Version 16
VisualStudioVersion = 16.0.29318.209
MinimumVisualStudioVersion = 10.0.40219.1
Project("{9A19103F-16F7-4668-BE54-9A1E7A4F7556}") = "CardGame", "CardGame\CardGame.csproj", "{578EB454-C35B-4FB6-9099-5339865BDC8A}"
EndProject
Project("{FAE04EC0-301F-11D3-BF4B-00C04F79EFBC}") = "Cards", "Cards\Cards.csproj", "{F71B4B46-9927-4048-BDCB-9090047E5297}"
EndProject
Global
	GlobalSection(SolutionConfigurationPlatforms) = preSolution
		Debug|Any CPU = Debug|Any CPU
		Release|Any CPU = Release|Any CPU
	EndGlobalSection
	GlobalSection(ProjectConfigurationPlatforms) = postSolution
		{578EB454-C35B-4FB6-9099-5339865BDC8A}.Debug|Any CPU.ActiveCfg = Debug|Any CPU
		{578EB454-C35B-4FB6-9099-5339865BDC8A}.Debug|Any CPU.Build.0 = Debug|Any CPU
		{578EB454-C35B-4FB6-9099-5339865BDC8A}.Release|Any CPU.ActiveCfg = Release|Any CPU
		{578EB454-C35B-4FB6-9099-5339865BDC8A}.Release|Any CPU.Build.0 = Release|Any CPU
		{F71B4B46-9927-4048-BDCB-9090047E5297}.Debug|Any CPU.ActiveCfg = Debug|Any CPU
		{F71B4B46-9927-4048-BDCB-9090047E5297}.Debug|Any CPU.Build.0 = Debug|Any CPU
		{F71B4B46-9927-4048-BDCB-9090047E5297}.Release|Any CPU.ActiveCfg = Release|Any CPU
		{F71B4B46-9927-4048-BDCB-9090047E5297}.Release|Any CPU.Build.0 = Release|Any CPU
	EndGlobalSection
	GlobalSection(SolutionProperties) = preSolution
		HideSolutionNode = FALSE
	EndGlobalSection
	GlobalSection(ExtensibilityGlobals) = postSolution
		SolutionGuid = {34CA47BA-3BAC-469A-928F-0A2D984223CA}
	EndGlobalSection
EndGlobal
